// !$*UTF8*$!
{
	archiveVersion = 1;
	classes = {
	};
	objectVersion = 50;
	objects = {

/* Begin PBXBuildFile section */
		DE0AA47D25A620D800545240 /* Draw_Transition.h in Headers */ = {isa = PBXBuildFile; fileRef = DE0AA47B25A620D800545240 /* Draw_Transition.h */; settings = {ATTRIBUTES = (Public, ); }; };
		DE0AA48525A6222900545240 /* DrawPresentationController.swift in Sources */ = {isa = PBXBuildFile; fileRef = DE0AA48425A6222900545240 /* DrawPresentationController.swift */; };
		DE0AA48825A6226600545240 /* DrawContainerView.swift in Sources */ = {isa = PBXBuildFile; fileRef = DE0AA48725A6226600545240 /* DrawContainerView.swift */; };
		DE0AA48B25A6228600545240 /* DrawPresentationControllerViewModel.swift in Sources */ = {isa = PBXBuildFile; fileRef = DE0AA48A25A6228600545240 /* DrawPresentationControllerViewModel.swift */; };
		DE0AA49425A6233900545240 /* Draw_TransitionTests.swift in Sources */ = {isa = PBXBuildFile; fileRef = DE0AA49325A6233900545240 /* Draw_TransitionTests.swift */; };
		DE0AA49625A6233900545240 /* Draw_Transition.framework in Frameworks */ = {isa = PBXBuildFile; fileRef = DE0AA47825A620D800545240 /* Draw_Transition.framework */; };
/* End PBXBuildFile section */

/* Begin PBXContainerItemProxy section */
		DE0AA49725A6233900545240 /* PBXContainerItemProxy */ = {
			isa = PBXContainerItemProxy;
			containerPortal = DE0AA46F25A620D800545240 /* Project object */;
			proxyType = 1;
			remoteGlobalIDString = DE0AA47725A620D800545240;
			remoteInfo = "Draw Transition";
		};
/* End PBXContainerItemProxy section */

/* Begin PBXFileReference section */
		DE0AA47825A620D800545240 /* Draw_Transition.framework */ = {isa = PBXFileReference; explicitFileType = wrapper.framework; includeInIndex = 0; path = Draw_Transition.framework; sourceTree = BUILT_PRODUCTS_DIR; };
		DE0AA47B25A620D800545240 /* Draw_Transition.h */ = {isa = PBXFileReference; lastKnownFileType = sourcecode.c.h; path = Draw_Transition.h; sourceTree = "<group>"; };
		DE0AA47C25A620D800545240 /* Info.plist */ = {isa = PBXFileReference; lastKnownFileType = text.plist.xml; path = Info.plist; sourceTree = "<group>"; };
		DE0AA48425A6222900545240 /* DrawPresentationController.swift */ = {isa = PBXFileReference; lastKnownFileType = sourcecode.swift; path = DrawPresentationController.swift; sourceTree = "<group>"; };
		DE0AA48725A6226600545240 /* DrawContainerView.swift */ = {isa = PBXFileReference; lastKnownFileType = sourcecode.swift; path = DrawContainerView.swift; sourceTree = "<group>"; };
		DE0AA48A25A6228600545240 /* DrawPresentationControllerViewModel.swift */ = {isa = PBXFileReference; lastKnownFileType = sourcecode.swift; path = DrawPresentationControllerViewModel.swift; sourceTree = "<group>"; };
		DE0AA49125A6233900545240 /* Draw_TransitionTests.xctest */ = {isa = PBXFileReference; explicitFileType = wrapper.cfbundle; includeInIndex = 0; path = Draw_TransitionTests.xctest; sourceTree = BUILT_PRODUCTS_DIR; };
		DE0AA49325A6233900545240 /* Draw_TransitionTests.swift */ = {isa = PBXFileReference; lastKnownFileType = sourcecode.swift; path = Draw_TransitionTests.swift; sourceTree = "<group>"; };
		DE0AA49525A6233900545240 /* Info.plist */ = {isa = PBXFileReference; lastKnownFileType = text.plist.xml; path = Info.plist; sourceTree = "<group>"; };
/* End PBXFileReference section */

/* Begin PBXFrameworksBuildPhase section */
		DE0AA47525A620D800545240 /* Frameworks */ = {
			isa = PBXFrameworksBuildPhase;
			buildActionMask = 2147483647;
			files = (
			);
			runOnlyForDeploymentPostprocessing = 0;
		};
		DE0AA48E25A6233900545240 /* Frameworks */ = {
			isa = PBXFrameworksBuildPhase;
			buildActionMask = 2147483647;
			files = (
				DE0AA49625A6233900545240 /* Draw_Transition.framework in Frameworks */,
			);
			runOnlyForDeploymentPostprocessing = 0;
		};
/* End PBXFrameworksBuildPhase section */

/* Begin PBXGroup section */
		DE0AA46E25A620D800545240 = {
			isa = PBXGroup;
			children = (
				DE0AA47A25A620D800545240 /* Draw Transition */,
				DE0AA49225A6233900545240 /* Draw_TransitionTests */,
				DE0AA47925A620D800545240 /* Products */,
			);
			sourceTree = "<group>";
		};
		DE0AA47925A620D800545240 /* Products */ = {
			isa = PBXGroup;
			children = (
				DE0AA47825A620D800545240 /* Draw_Transition.framework */,
				DE0AA49125A6233900545240 /* Draw_TransitionTests.xctest */,
			);
			name = Products;
			sourceTree = "<group>";
		};
		DE0AA47A25A620D800545240 /* Draw Transition */ = {
			isa = PBXGroup;
			children = (
				DE0AA47B25A620D800545240 /* Draw_Transition.h */,
				DE0AA47C25A620D800545240 /* Info.plist */,
				DE0AA48425A6222900545240 /* DrawPresentationController.swift */,
				DE0AA48725A6226600545240 /* DrawContainerView.swift */,
				DE0AA48A25A6228600545240 /* DrawPresentationControllerViewModel.swift */,
			);
			path = "Draw Transition";
			sourceTree = "<group>";
		};
		DE0AA49225A6233900545240 /* Draw_TransitionTests */ = {
			isa = PBXGroup;
			children = (
				DE0AA49325A6233900545240 /* Draw_TransitionTests.swift */,
				DE0AA49525A6233900545240 /* Info.plist */,
			);
			path = Draw_TransitionTests;
			sourceTree = "<group>";
		};
/* End PBXGroup section */

/* Begin PBXHeadersBuildPhase section */
		DE0AA47325A620D800545240 /* Headers */ = {
			isa = PBXHeadersBuildPhase;
			buildActionMask = 2147483647;
			files = (
				DE0AA47D25A620D800545240 /* Draw_Transition.h in Headers */,
			);
			runOnlyForDeploymentPostprocessing = 0;
		};
/* End PBXHeadersBuildPhase section */

/* Begin PBXNativeTarget section */
		DE0AA47725A620D800545240 /* Draw Transition */ = {
			isa = PBXNativeTarget;
			buildConfigurationList = DE0AA48025A620D800545240 /* Build configuration list for PBXNativeTarget "Draw Transition" */;
			buildPhases = (
				DE0AA47325A620D800545240 /* Headers */,
				DE0AA47425A620D800545240 /* Sources */,
				DE0AA47525A620D800545240 /* Frameworks */,
				DE0AA47625A620D800545240 /* Resources */,
			);
			buildRules = (
			);
			dependencies = (
			);
			name = "Draw Transition";
			productName = "Draw Transition";
			productReference = DE0AA47825A620D800545240 /* Draw_Transition.framework */;
			productType = "com.apple.product-type.framework";
		};
		DE0AA49025A6233900545240 /* Draw_TransitionTests */ = {
			isa = PBXNativeTarget;
			buildConfigurationList = DE0AA49925A6233900545240 /* Build configuration list for PBXNativeTarget "Draw_TransitionTests" */;
			buildPhases = (
				DE0AA48D25A6233900545240 /* Sources */,
				DE0AA48E25A6233900545240 /* Frameworks */,
				DE0AA48F25A6233900545240 /* Resources */,
			);
			buildRules = (
			);
			dependencies = (
				DE0AA49825A6233900545240 /* PBXTargetDependency */,
			);
			name = Draw_TransitionTests;
			productName = Draw_TransitionTests;
			productReference = DE0AA49125A6233900545240 /* Draw_TransitionTests.xctest */;
			productType = "com.apple.product-type.bundle.unit-test";
		};
/* End PBXNativeTarget section */

/* Begin PBXProject section */
		DE0AA46F25A620D800545240 /* Project object */ = {
			isa = PBXProject;
			attributes = {
				LastSwiftUpdateCheck = 1230;
				LastUpgradeCheck = 1230;
				TargetAttributes = {
					DE0AA47725A620D800545240 = {
						CreatedOnToolsVersion = 12.3;
						LastSwiftMigration = 1230;
					};
					DE0AA49025A6233900545240 = {
						CreatedOnToolsVersion = 12.3;
					};
				};
			};
			buildConfigurationList = DE0AA47225A620D800545240 /* Build configuration list for PBXProject "Draw Transition" */;
			compatibilityVersion = "Xcode 9.3";
			developmentRegion = en;
			hasScannedForEncodings = 0;
			knownRegions = (
				en,
				Base,
			);
			mainGroup = DE0AA46E25A620D800545240;
			productRefGroup = DE0AA47925A620D800545240 /* Products */;
			projectDirPath = "";
			projectRoot = "";
			targets = (
				DE0AA47725A620D800545240 /* Draw Transition */,
				DE0AA49025A6233900545240 /* Draw_TransitionTests */,
			);
		};
/* End PBXProject section */

/* Begin PBXResourcesBuildPhase section */
		DE0AA47625A620D800545240 /* Resources */ = {
			isa = PBXResourcesBuildPhase;
			buildActionMask = 2147483647;
			files = (
			);
			runOnlyForDeploymentPostprocessing = 0;
		};
		DE0AA48F25A6233900545240 /* Resources */ = {
			isa = PBXResourcesBuildPhase;
			buildActionMask = 2147483647;
			files = (
			);
			runOnlyForDeploymentPostprocessing = 0;
		};
/* End PBXResourcesBuildPhase section */

/* Begin PBXSourcesBuildPhase section */
		DE0AA47425A620D800545240 /* Sources */ = {
			isa = PBXSourcesBuildPhase;
			buildActionMask = 2147483647;
			files = (
				DE0AA48B25A6228600545240 /* DrawPresentationControllerViewModel.swift in Sources */,
				DE0AA48825A6226600545240 /* DrawContainerView.swift in Sources */,
				DE0AA48525A6222900545240 /* DrawPresentationController.swift in Sources */,
			);
			runOnlyForDeploymentPostprocessing = 0;
		};
		DE0AA48D25A6233900545240 /* Sources */ = {
			isa = PBXSourcesBuildPhase;
			buildActionMask = 2147483647;
			files = (
				DE0AA49425A6233900545240 /* Draw_TransitionTests.swift in Sources */,
			);
			runOnlyForDeploymentPostprocessing = 0;
		};
/* End PBXSourcesBuildPhase section */

/* Begin PBXTargetDependency section */
		DE0AA49825A6233900545240 /* PBXTargetDependency */ = {
			isa = PBXTargetDependency;
			target = DE0AA47725A620D800545240 /* Draw Transition */;
			targetProxy = DE0AA49725A6233900545240 /* PBXContainerItemProxy */;
		};
/* End PBXTargetDependency section */

/* Begin XCBuildConfiguration section */
		DE0AA47E25A620D800545240 /* Debug */ = {
			isa = XCBuildConfiguration;
			buildSettings = {
				ALWAYS_SEARCH_USER_PATHS = NO;
				CLANG_ANALYZER_NONNULL = YES;
				CLANG_ANALYZER_NUMBER_OBJECT_CONVERSION = YES_AGGRESSIVE;
				CLANG_CXX_LANGUAGE_STANDARD = "gnu++14";
				CLANG_CXX_LIBRARY = "libc++";
				CLANG_ENABLE_MODULES = YES;
				CLANG_ENABLE_OBJC_ARC = YES;
				CLANG_ENABLE_OBJC_WEAK = YES;
				CLANG_WARN_BLOCK_CAPTURE_AUTORELEASING = YES;
				CLANG_WARN_BOOL_CONVERSION = YES;
				CLANG_WARN_COMMA = YES;
				CLANG_WARN_CONSTANT_CONVERSION = YES;
				CLANG_WARN_DEPRECATED_OBJC_IMPLEMENTATIONS = YES;
				CLANG_WARN_DIRECT_OBJC_ISA_USAGE = YES_ERROR;
				CLANG_WARN_DOCUMENTATION_COMMENTS = YES;
				CLANG_WARN_EMPTY_BODY = YES;
				CLANG_WARN_ENUM_CONVERSION = YES;
				CLANG_WARN_INFINITE_RECURSION = YES;
				CLANG_WARN_INT_CONVERSION = YES;
				CLANG_WARN_NON_LITERAL_NULL_CONVERSION = YES;
				CLANG_WARN_OBJC_IMPLICIT_RETAIN_SELF = YES;
				CLANG_WARN_OBJC_LITERAL_CONVERSION = YES;
				CLANG_WARN_OBJC_ROOT_CLASS = YES_ERROR;
				CLANG_WARN_QUOTED_INCLUDE_IN_FRAMEWORK_HEADER = YES;
				CLANG_WARN_RANGE_LOOP_ANALYSIS = YES;
				CLANG_WARN_STRICT_PROTOTYPES = YES;
				CLANG_WARN_SUSPICIOUS_MOVE = YES;
				CLANG_WARN_UNGUARDED_AVAILABILITY = YES_AGGRESSIVE;
				CLANG_WARN_UNREACHABLE_CODE = YES;
				CLANG_WARN__DUPLICATE_METHOD_MATCH = YES;
				COPY_PHASE_STRIP = NO;
				CURRENT_PROJECT_VERSION = 1;
				DEBUG_INFORMATION_FORMAT = dwarf;
				ENABLE_STRICT_OBJC_MSGSEND = YES;
				ENABLE_TESTABILITY = YES;
				GCC_C_LANGUAGE_STANDARD = gnu11;
				GCC_DYNAMIC_NO_PIC = NO;
				GCC_NO_COMMON_BLOCKS = YES;
				GCC_OPTIMIZATION_LEVEL = 0;
				GCC_PREPROCESSOR_DEFINITIONS = (
					"DEBUG=1",
					"$(inherited)",
				);
				GCC_WARN_64_TO_32_BIT_CONVERSION = YES;
				GCC_WARN_ABOUT_RETURN_TYPE = YES_ERROR;
				GCC_WARN_UNDECLARED_SELECTOR = YES;
				GCC_WARN_UNINITIALIZED_AUTOS = YES_AGGRESSIVE;
				GCC_WARN_UNUSED_FUNCTION = YES;
				GCC_WARN_UNUSED_VARIABLE = YES;
				IPHONEOS_DEPLOYMENT_TARGET = 14.3;
				MTL_ENABLE_DEBUG_INFO = INCLUDE_SOURCE;
				MTL_FAST_MATH = YES;
				ONLY_ACTIVE_ARCH = YES;
				SDKROOT = iphoneos;
				SWIFT_ACTIVE_COMPILATION_CONDITIONS = DEBUG;
				SWIFT_OPTIMIZATION_LEVEL = "-Onone";
				VERSIONING_SYSTEM = "apple-generic";
				VERSION_INFO_PREFIX = "";
			};
			name = Debug;
		};
		DE0AA47F25A620D800545240 /* Release */ = {
			isa = XCBuildConfiguration;
			buildSettings = {
				ALWAYS_SEARCH_USER_PATHS = NO;
				CLANG_ANALYZER_NONNULL = YES;
				CLANG_ANALYZER_NUMBER_OBJECT_CONVERSION = YES_AGGRESSIVE;
				CLANG_CXX_LANGUAGE_STANDARD = "gnu++14";
				CLANG_CXX_LIBRARY = "libc++";
				CLANG_ENABLE_MODULES = YES;
				CLANG_ENABLE_OBJC_ARC = YES;
				CLANG_ENABLE_OBJC_WEAK = YES;
				CLANG_WARN_BLOCK_CAPTURE_AUTORELEASING = YES;
				CLANG_WARN_BOOL_CONVERSION = YES;
				CLANG_WARN_COMMA = YES;
				CLANG_WARN_CONSTANT_CONVERSION = YES;
				CLANG_WARN_DEPRECATED_OBJC_IMPLEMENTATIONS = YES;
				CLANG_WARN_DIRECT_OBJC_ISA_USAGE = YES_ERROR;
				CLANG_WARN_DOCUMENTATION_COMMENTS = YES;
				CLANG_WARN_EMPTY_BODY = YES;
				CLANG_WARN_ENUM_CONVERSION = YES;
				CLANG_WARN_INFINITE_RECURSION = YES;
				CLANG_WARN_INT_CONVERSION = YES;
				CLANG_WARN_NON_LITERAL_NULL_CONVERSION = YES;
				CLANG_WARN_OBJC_IMPLICIT_RETAIN_SELF = YES;
				CLANG_WARN_OBJC_LITERAL_CONVERSION = YES;
				CLANG_WARN_OBJC_ROOT_CLASS = YES_ERROR;
				CLANG_WARN_QUOTED_INCLUDE_IN_FRAMEWORK_HEADER = YES;
				CLANG_WARN_RANGE_LOOP_ANALYSIS = YES;
				CLANG_WARN_STRICT_PROTOTYPES = YES;
				CLANG_WARN_SUSPICIOUS_MOVE = YES;
				CLANG_WARN_UNGUARDED_AVAILABILITY = YES_AGGRESSIVE;
				CLANG_WARN_UNREACHABLE_CODE = YES;
				CLANG_WARN__DUPLICATE_METHOD_MATCH = YES;
				COPY_PHASE_STRIP = NO;
				CURRENT_PROJECT_VERSION = 1;
				DEBUG_INFORMATION_FORMAT = "dwarf-with-dsym";
				ENABLE_NS_ASSERTIONS = NO;
				ENABLE_STRICT_OBJC_MSGSEND = YES;
				GCC_C_LANGUAGE_STANDARD = gnu11;
				GCC_NO_COMMON_BLOCKS = YES;
				GCC_WARN_64_TO_32_BIT_CONVERSION = YES;
				GCC_WARN_ABOUT_RETURN_TYPE = YES_ERROR;
				GCC_WARN_UNDECLARED_SELECTOR = YES;
				GCC_WARN_UNINITIALIZED_AUTOS = YES_AGGRESSIVE;
				GCC_WARN_UNUSED_FUNCTION = YES;
				GCC_WARN_UNUSED_VARIABLE = YES;
				IPHONEOS_DEPLOYMENT_TARGET = 14.3;
				MTL_ENABLE_DEBUG_INFO = NO;
				MTL_FAST_MATH = YES;
				SDKROOT = iphoneos;
				SWIFT_COMPILATION_MODE = wholemodule;
				SWIFT_OPTIMIZATION_LEVEL = "-O";
				VALIDATE_PRODUCT = YES;
				VERSIONING_SYSTEM = "apple-generic";
				VERSION_INFO_PREFIX = "";
			};
			name = Release;
		};
		DE0AA48125A620D800545240 /* Debug */ = {
			isa = XCBuildConfiguration;
			buildSettings = {
				CLANG_ENABLE_MODULES = YES;
				CODE_SIGN_STYLE = Automatic;
				DEFINES_MODULE = YES;
				DEVELOPMENT_TEAM = UN495CWDD6;
				DYLIB_COMPATIBILITY_VERSION = 1;
				DYLIB_CURRENT_VERSION = 1;
				DYLIB_INSTALL_NAME_BASE = "@rpath";
				INFOPLIST_FILE = "Draw Transition/Info.plist";
				INSTALL_PATH = "$(LOCAL_LIBRARY_DIR)/Frameworks";
				LD_RUNPATH_SEARCH_PATHS = (
					"$(inherited)",
					"@executable_path/Frameworks",
					"@loader_path/Frameworks",
				);
				PRODUCT_BUNDLE_IDENTIFIER = "com.raoul-schwagmeier.Draw-Transition";
				PRODUCT_NAME = "$(TARGET_NAME:c99extidentifier)";
				SKIP_INSTALL = YES;
				SWIFT_OPTIMIZATION_LEVEL = "-Onone";
				SWIFT_VERSION = 5.0;
				TARGETED_DEVICE_FAMILY = "1,2";
			};
			name = Debug;
		};
		DE0AA48225A620D800545240 /* Release */ = {
			isa = XCBuildConfiguration;
			buildSettings = {
				CLANG_ENABLE_MODULES = YES;
				CODE_SIGN_STYLE = Automatic;
				DEFINES_MODULE = YES;
				DEVELOPMENT_TEAM = UN495CWDD6;
				DYLIB_COMPATIBILITY_VERSION = 1;
				DYLIB_CURRENT_VERSION = 1;
				DYLIB_INSTALL_NAME_BASE = "@rpath";
				INFOPLIST_FILE = "Draw Transition/Info.plist";
				INSTALL_PATH = "$(LOCAL_LIBRARY_DIR)/Frameworks";
				LD_RUNPATH_SEARCH_PATHS = (
					"$(inherited)",
					"@executable_path/Frameworks",
					"@loader_path/Frameworks",
				);
				PRODUCT_BUNDLE_IDENTIFIER = "com.raoul-schwagmeier.Draw-Transition";
				PRODUCT_NAME = "$(TARGET_NAME:c99extidentifier)";
				SKIP_INSTALL = YES;
				SWIFT_VERSION = 5.0;
				TARGETED_DEVICE_FAMILY = "1,2";
			};
			name = Release;
		};
		DE0AA49A25A6233900545240 /* Debug */ = {
			isa = XCBuildConfiguration;
			buildSettings = {
				CODE_SIGN_STYLE = Automatic;
				DEVELOPMENT_TEAM = UN495CWDD6;
				INFOPLIST_FILE = Draw_TransitionTests/Info.plist;
				LD_RUNPATH_SEARCH_PATHS = (
					"$(inherited)",
					"@executable_path/Frameworks",
					"@loader_path/Frameworks",
				);
				PRODUCT_BUNDLE_IDENTIFIER = "com.raoul-schwagmeier.Draw-TransitionTests";
				PRODUCT_NAME = "$(TARGET_NAME)";
				SWIFT_VERSION = 5.0;
				TARGETED_DEVICE_FAMILY = "1,2";
			};
			name = Debug;
		};
		DE0AA49B25A6233900545240 /* Release */ = {
			isa = XCBuildConfiguration;
			buildSettings = {
				CODE_SIGN_STYLE = Automatic;
				DEVELOPMENT_TEAM = UN495CWDD6;
				INFOPLIST_FILE = Draw_TransitionTests/Info.plist;
				LD_RUNPATH_SEARCH_PATHS = (
					"$(inherited)",
					"@executable_path/Frameworks",
					"@loader_path/Frameworks",
				);
				PRODUCT_BUNDLE_IDENTIFIER = "com.raoul-schwagmeier.Draw-TransitionTests";
				PRODUCT_NAME = "$(TARGET_NAME)";
				SWIFT_VERSION = 5.0;
				TARGETED_DEVICE_FAMILY = "1,2";
			};
			name = Release;
		};
/* End XCBuildConfiguration section */

/* Begin XCConfigurationList section */
		DE0AA47225A620D800545240 /* Build configuration list for PBXProject "Draw Transition" */ = {
			isa = XCConfigurationList;
			buildConfigurations = (
				DE0AA47E25A620D800545240 /* Debug */,
				DE0AA47F25A620D800545240 /* Release */,
			);
			defaultConfigurationIsVisible = 0;
			defaultConfigurationName = Release;
		};
		DE0AA48025A620D800545240 /* Build configuration list for PBXNativeTarget "Draw Transition" */ = {
			isa = XCConfigurationList;
			buildConfigurations = (
				DE0AA48125A620D800545240 /* Debug */,
				DE0AA48225A620D800545240 /* Release */,
			);
			defaultConfigurationIsVisible = 0;
			defaultConfigurationName = Release;
		};
		DE0AA49925A6233900545240 /* Build configuration list for PBXNativeTarget "Draw_TransitionTests" */ = {
			isa = XCConfigurationList;
			buildConfigurations = (
				DE0AA49A25A6233900545240 /* Debug */,
				DE0AA49B25A6233900545240 /* Release */,
			);
			defaultConfigurationIsVisible = 0;
			defaultConfigurationName = Release;
		};
/* End XCConfigurationList section */
	};
	rootObject = DE0AA46F25A620D800545240 /* Project object */;
}
